hash: 7a1ea4fd6f09bf9861da06962fd2358b84ae941e2b845935efb55a5621933748
updated: 2017-08-13T09:19:31.320632699-04:00
imports:
- name: github.com/gorilla/context
  version: 1ea25387ff6f684839d82767c1733ff4d4d15d0a
- name: github.com/gorilla/mux
  version: bcd8bc72b08df0f70df986b97f95590779502d31
- name: github.com/gorilla/securecookie
  version: 667fe4e3466a040b780561fe9b51a83a3753eefc
- name: github.com/gorilla/websocket
  version: ea4d1f681babbce9545c9c5f3d5194a789c89f5b
- name: github.com/tylerb/graceful
  version: 4654dfbb6ad53cb5e27f37d99b02e16c1872fbbb
- name: github.com/urfave/cli
  version: cfb38830724cc34fedffe9a2a29fb54fa9169cd1
- name: golang.org/x/crypto
  version: 9477e0b78b9ac3d0b03822fd95422e2fe07627cd
  subpackages:
  - bcrypt
  - blowfish
- name: gopkg.in/mgo.v2
  version: 3f83fa5005286a7fe593b055f0d7771a7dce4655
  subpackages:
  - bson
  - internal/json
  - internal/sasl
  - internal/scram
testImports: []
